---
class: CompilationUnitContext
children:
  - class: MethodDeclarationContext
    children:
      - class: TerminalNodeImpl
        text: test
      - class: BlockStatementContext
        children:
          - class: BlockContext
            children:
              - class: TerminalNodeImpl
                text: '{'
              - class: PrintStatementContext
                children:
                  - class: PrintContext
                    children:
                      - class: TerminalNodeImpl
                        text: print
                      - class: VarReferenceContext
                        children:
                          - class: TerminalNodeImpl
                            text: x
              - class: ReturnStatementContext
                children:
                  - class: RetContext
                    children:
                      - class: TerminalNodeImpl
                        text: return
              - class: TerminalNodeImpl
                text: '}'
  - class: TerminalNodeImpl
    text: <EOF>
